
Microsoft Visual Studio Solution File, Format Version 12.00
# Visual Studio Version 16
VisualStudioVersion = 16.0.31729.503
MinimumVisualStudioVersion = 10.0.40219.1
Project("{FAE04EC0-301F-11D3-BF4B-00C04F79EFBC}") = "CabInvoiceGenerator", "CabInvoiceGenerator\CabInvoiceGenerator.csproj", "{189BBD1A-0CDC-424A-B506-058415F90EA2}"
EndProject
Project("{FAE04EC0-301F-11D3-BF4B-00C04F79EFBC}") = "CabInvoiceGeneratorTests", "CabInvoiceGeneratorTests\CabInvoiceGeneratorTests.csproj", "{B9F9352C-5F36-4FA3-A844-F95FC0146908}"
EndProject
Global
	GlobalSection(SolutionConfigurationPlatforms) = preSolution
		Debug|Any CPU = Debug|Any CPU
		Release|Any CPU = Release|Any CPU
	EndGlobalSection
	GlobalSection(ProjectConfigurationPlatforms) = postSolution
		{189BBD1A-0CDC-424A-B506-058415F90EA2}.Debug|Any CPU.ActiveCfg = Debug|Any CPU
		{189BBD1A-0CDC-424A-B506-058415F90EA2}.Debug|Any CPU.Build.0 = Debug|Any CPU
		{189BBD1A-0CDC-424A-B506-058415F90EA2}.Release|Any CPU.ActiveCfg = Release|Any CPU
		{189BBD1A-0CDC-424A-B506-058415F90EA2}.Release|Any CPU.Build.0 = Release|Any CPU
		{B9F9352C-5F36-4FA3-A844-F95FC0146908}.Debug|Any CPU.ActiveCfg = Debug|Any CPU
		{B9F9352C-5F36-4FA3-A844-F95FC0146908}.Debug|Any CPU.Build.0 = Debug|Any CPU
		{B9F9352C-5F36-4FA3-A844-F95FC0146908}.Release|Any CPU.ActiveCfg = Release|Any CPU
		{B9F9352C-5F36-4FA3-A844-F95FC0146908}.Release|Any CPU.Build.0 = Release|Any CPU
	EndGlobalSection
	GlobalSection(SolutionProperties) = preSolution
		HideSolutionNode = FALSE
	EndGlobalSection
	GlobalSection(ExtensibilityGlobals) = postSolution
		SolutionGuid = {AB2A6E3E-E5DA-44AB-8591-7D40911617A4}
	EndGlobalSection
EndGlobal
